<?xml version="1.0" encoding="UTF-8" standalone="yes" ?>
<CodeBlocks_project_file>
	<FileVersion major="1" minor="6" />
	<Project>
		<Option title="Parser" />
		<Option pch_mode="2" />
		<Option compiler="gcc" />
		<Option virtualFolders="Elements\;Parse\;Elements\Block\;Elements\Span\;Elements\Basic\;" />
		<Build>
			<Target title="Debug">
				<Option output="bin/Debug/Parser" prefix_auto="1" extension_auto="1" />
				<Option object_output="obj/Debug/" />
				<Option type="1" />
				<Option compiler="gcc" />
				<Compiler>
					<Add option="-Wall" />
					<Add option="-g" />
					<Add directory="elements" />
				</Compiler>
			</Target>
			<Target title="Release">
				<Option output="bin/Release/Parser" prefix_auto="1" extension_auto="1" />
				<Option working_dir="" />
				<Option object_output="obj/Release/" />
				<Option type="2" />
				<Option compiler="gcc" />
				<Option createDefFile="1" />
				<Compiler>
					<Add option="-Wall" />
					<Add option="-O2" />
					<Add directory="elements" />
				</Compiler>
				<Linker>
					<Add option="-s" />
				</Linker>
			</Target>
		</Build>
		<Compiler>
			<Add option="-std=c++11" />
			<Add directory="elements" />
		</Compiler>
		<Unit filename="main.cpp" />
		<Unit filename="parse.cpp">
			<Option virtualFolder="Parse/" />
		</Unit>
		<Unit filename="parse.h">
			<Option virtualFolder="Parse/" />
		</Unit>
		<Unit filename="parse_dynamic.cpp">
			<Option virtualFolder="Parse/" />
		</Unit>
		<Unit filename="parse_dynamic.h">
			<Option virtualFolder="Parse/" />
		</Unit>
		<Unit filename="parse_elem.cpp">
			<Option virtualFolder="Elements/Basic/" />
		</Unit>
		<Unit filename="parse_elem.h">
			<Option virtualFolder="Elements/Basic/" />
		</Unit>
		<Unit filename="parse_elem_amp.cpp">
			<Option virtualFolder="Elements/Span/" />
		</Unit>
		<Unit filename="parse_elem_amp.h">
			<Option virtualFolder="Elements/Span/" />
		</Unit>
		<Unit filename="parse_elem_block.cpp">
			<Option virtualFolder="Elements/Block/" />
		</Unit>
		<Unit filename="parse_elem_block.h">
			<Option virtualFolder="Elements/Block/" />
		</Unit>
		<Unit filename="parse_elem_code_block.cpp">
			<Option virtualFolder="Elements/Block/" />
		</Unit>
		<Unit filename="parse_elem_code_block.h">
			<Option virtualFolder="Elements/Block/" />
		</Unit>
		<Unit filename="parse_elem_code_inline.cpp">
			<Option virtualFolder="Elements/Span/" />
		</Unit>
		<Unit filename="parse_elem_code_inline.h">
			<Option virtualFolder="Elements/Span/" />
		</Unit>
		<Unit filename="parse_elem_emphasis.cpp">
			<Option virtualFolder="Elements/Span/" />
		</Unit>
		<Unit filename="parse_elem_emphasis.h">
			<Option virtualFolder="Elements/Span/" />
		</Unit>
		<Unit filename="parse_elem_empty.cpp">
			<Option virtualFolder="Elements/Block/" />
		</Unit>
		<Unit filename="parse_elem_empty.h">
			<Option virtualFolder="Elements/Block/" />
		</Unit>
		<Unit filename="parse_elem_escape.cpp">
			<Option virtualFolder="Elements/Span/" />
		</Unit>
		<Unit filename="parse_elem_escape.h">
			<Option virtualFolder="Elements/Span/" />
		</Unit>
		<Unit filename="parse_elem_factory.cpp">
			<Option virtualFolder="Elements/Basic/" />
		</Unit>
		<Unit filename="parse_elem_factory.h">
			<Option virtualFolder="Elements/Basic/" />
		</Unit>
		<Unit filename="parse_elem_header.cpp">
			<Option virtualFolder="Elements/Block/" />
		</Unit>
		<Unit filename="parse_elem_header.h">
			<Option virtualFolder="Elements/Block/" />
		</Unit>
		<Unit filename="parse_elem_header_atx.cpp">
			<Option virtualFolder="Elements/Block/" />
		</Unit>
		<Unit filename="parse_elem_header_atx.h">
			<Option virtualFolder="Elements/Block/" />
		</Unit>
		<Unit filename="parse_elem_header_setext.cpp">
			<Option virtualFolder="Elements/Block/" />
		</Unit>
		<Unit filename="parse_elem_header_setext.h">
			<Option virtualFolder="Elements/Block/" />
		</Unit>
		<Unit filename="parse_elem_horizontal.cpp">
			<Option virtualFolder="Elements/Block/" />
		</Unit>
		<Unit filename="parse_elem_horizontal.h">
			<Option virtualFolder="Elements/Block/" />
		</Unit>
		<Unit filename="parse_elem_html_block.cpp">
			<Option virtualFolder="Elements/Block/" />
		</Unit>
		<Unit filename="parse_elem_html_block.h">
			<Option virtualFolder="Elements/Block/" />
		</Unit>
		<Unit filename="parse_elem_html_inline.cpp">
			<Option virtualFolder="Elements/Span/" />
		</Unit>
		<Unit filename="parse_elem_html_inline.h">
			<Option virtualFolder="Elements/Span/" />
		</Unit>
		<Unit filename="parse_elem_image.cpp">
			<Option virtualFolder="Elements/Span/" />
		</Unit>
		<Unit filename="parse_elem_image.h">
			<Option virtualFolder="Elements/Span/" />
		</Unit>
		<Unit filename="parse_elem_link.cpp">
			<Option virtualFolder="Elements/Span/" />
		</Unit>
		<Unit filename="parse_elem_link.h">
			<Option virtualFolder="Elements/Span/" />
		</Unit>
		<Unit filename="parse_elem_link_inline.cpp">
			<Option virtualFolder="Elements/Span/" />
		</Unit>
		<Unit filename="parse_elem_link_inline.h">
			<Option virtualFolder="Elements/Span/" />
		</Unit>
		<Unit filename="parse_elem_link_label.cpp">
			<Option virtualFolder="Elements/Span/" />
		</Unit>
		<Unit filename="parse_elem_link_label.h">
			<Option virtualFolder="Elements/Span/" />
		</Unit>
		<Unit filename="parse_elem_link_reference.cpp">
			<Option virtualFolder="Elements/Span/" />
		</Unit>
		<Unit filename="parse_elem_link_reference.h">
			<Option virtualFolder="Elements/Span/" />
		</Unit>
		<Unit filename="parse_elem_list.cpp">
			<Option virtualFolder="Elements/Block/" />
		</Unit>
		<Unit filename="parse_elem_list.h">
			<Option virtualFolder="Elements/Block/" />
		</Unit>
		<Unit filename="parse_elem_list_ordered.cpp">
			<Option virtualFolder="Elements/Block/" />
		</Unit>
		<Unit filename="parse_elem_list_ordered.h">
			<Option virtualFolder="Elements/Block/" />
		</Unit>
		<Unit filename="parse_elem_list_unordered.cpp">
			<Option virtualFolder="Elements/Block/" />
		</Unit>
		<Unit filename="parse_elem_list_unordered.h">
			<Option virtualFolder="Elements/Block/" />
		</Unit>
		<Unit filename="parse_elem_paragraph.cpp">
			<Option virtualFolder="Elements/Block/" />
		</Unit>
		<Unit filename="parse_elem_paragraph.h">
			<Option virtualFolder="Elements/Block/" />
		</Unit>
		<Unit filename="parse_elem_quote.cpp">
			<Option virtualFolder="Elements/Block/" />
		</Unit>
		<Unit filename="parse_elem_quote.h">
			<Option virtualFolder="Elements/Block/" />
		</Unit>
		<Unit filename="parse_elem_span.cpp">
			<Option virtualFolder="Elements/Span/" />
		</Unit>
		<Unit filename="parse_elem_span.h">
			<Option virtualFolder="Elements/Span/" />
		</Unit>
		<Unit filename="parse_elem_strong.cpp">
			<Option virtualFolder="Elements/Span/" />
		</Unit>
		<Unit filename="parse_elem_strong.h">
			<Option virtualFolder="Elements/Span/" />
		</Unit>
		<Unit filename="parse_elem_type.h">
			<Option virtualFolder="Elements/Basic/" />
		</Unit>
		<Unit filename="parse_line.cpp">
			<Option virtualFolder="Parse/" />
		</Unit>
		<Unit filename="parse_line.h">
			<Option virtualFolder="Parse/" />
		</Unit>
		<Unit filename="parse_span.cpp">
			<Option virtualFolder="Parse/" />
		</Unit>
		<Unit filename="parse_span.h">
			<Option virtualFolder="Parse/" />
		</Unit>
		<Unit filename="parse_static.cpp">
			<Option virtualFolder="Parse/" />
		</Unit>
		<Unit filename="parse_static.h">
			<Option virtualFolder="Parse/" />
		</Unit>
		<Extensions>
			<code_completion />
			<envvars />
			<debugger />
		</Extensions>
	</Project>
</CodeBlocks_project_file>
